
Microsoft Visual Studio Solution File, Format Version 12.00
# Visual Studio Version 16
VisualStudioVersion = 16.0.31702.278
MinimumVisualStudioVersion = 10.0.40219.1
Project("{9A19103F-16F7-4668-BE54-9A1E7A4F7556}") = "IntelligentWorkKeeper", "IntelligentWorkKeeper\IntelligentWorkKeeper.csproj", "{1E430E77-1716-4430-8D09-79789C40C19A}"
EndProject
Project("{FAE04EC0-301F-11D3-BF4B-00C04F79EFBC}") = "IntelligentWorkKeeper.Domain", "IntelligentWorkKeeper.Domain\IntelligentWorkKeeper.Domain.csproj", "{E3A2E87E-F254-48D7-9F89-E1D3B1ABADC1}"
EndProject
Project("{FAE04EC0-301F-11D3-BF4B-00C04F79EFBC}") = "IntelligentWorkKeeper.Infrastructure", "IntelligentWorkKeeper.Infrastructure\IntelligentWorkKeeper.Infrastructure.csproj", "{8E8DE3F2-83FF-4E37-9B2F-A2918167F7DE}"
EndProject
Global
	GlobalSection(SolutionConfigurationPlatforms) = preSolution
		Debug|Any CPU = Debug|Any CPU
		Release|Any CPU = Release|Any CPU
	EndGlobalSection
	GlobalSection(ProjectConfigurationPlatforms) = postSolution
		{1E430E77-1716-4430-8D09-79789C40C19A}.Debug|Any CPU.ActiveCfg = Debug|Any CPU
		{1E430E77-1716-4430-8D09-79789C40C19A}.Debug|Any CPU.Build.0 = Debug|Any CPU
		{1E430E77-1716-4430-8D09-79789C40C19A}.Release|Any CPU.ActiveCfg = Release|Any CPU
		{1E430E77-1716-4430-8D09-79789C40C19A}.Release|Any CPU.Build.0 = Release|Any CPU
		{E3A2E87E-F254-48D7-9F89-E1D3B1ABADC1}.Debug|Any CPU.ActiveCfg = Debug|Any CPU
		{E3A2E87E-F254-48D7-9F89-E1D3B1ABADC1}.Debug|Any CPU.Build.0 = Debug|Any CPU
		{E3A2E87E-F254-48D7-9F89-E1D3B1ABADC1}.Release|Any CPU.ActiveCfg = Release|Any CPU
		{E3A2E87E-F254-48D7-9F89-E1D3B1ABADC1}.Release|Any CPU.Build.0 = Release|Any CPU
		{8E8DE3F2-83FF-4E37-9B2F-A2918167F7DE}.Debug|Any CPU.ActiveCfg = Debug|Any CPU
		{8E8DE3F2-83FF-4E37-9B2F-A2918167F7DE}.Debug|Any CPU.Build.0 = Debug|Any CPU
		{8E8DE3F2-83FF-4E37-9B2F-A2918167F7DE}.Release|Any CPU.ActiveCfg = Release|Any CPU
		{8E8DE3F2-83FF-4E37-9B2F-A2918167F7DE}.Release|Any CPU.Build.0 = Release|Any CPU
	EndGlobalSection
	GlobalSection(SolutionProperties) = preSolution
		HideSolutionNode = FALSE
	EndGlobalSection
	GlobalSection(ExtensibilityGlobals) = postSolution
		SolutionGuid = {0C23C0AF-3C7D-45CB-B298-CD7BC5C4F437}
	EndGlobalSection
EndGlobal
